PODS:
  - OMGHTTPURLRQ (2.1):
    - OMGHTTPURLRQ/RQ (= 2.1)
  - OMGHTTPURLRQ/FormURLEncode (2.1)
  - OMGHTTPURLRQ/RQ (2.1):
    - OMGHTTPURLRQ/FormURLEncode
    - OMGHTTPURLRQ/UserAgent
  - OMGHTTPURLRQ/UserAgent (2.1)
  - PromiseKit/CorePromise (2.0.0)
  - PromiseKit/Foundation (2.0.0):
    - OMGHTTPURLRQ
    - PromiseKit/CorePromise
  - PromiseKit/Swift (2.0.0):
    - PromiseKit/Swift/Foundation (= 2.0.0)
    - PromiseKit/Swift/UIKit (= 2.0.0)
  - PromiseKit/Swift/Foundation (2.0.0):
    - PromiseKit/Foundation
  - PromiseKit/Swift/UIKit (2.0.0):
    - PromiseKit/UIKit
  - PromiseKit/UIKit (2.0.0):
    - PromiseKit/CorePromise

DEPENDENCIES:
  - PromiseKit/Swift

SPEC CHECKSUMS:
  OMGHTTPURLRQ: f8c515dfd2f57a5d74c710978f600231f52afec5
  PromiseKit: 94a571258076767ae3458a4329bc6630f881f711

COCOAPODS: 0.37.1
