PODS:
  - OMGHTTPURLRQ (2.1):
    - OMGHTTPURLRQ/RQ (= 2.1)
  - OMGHTTPURLRQ/FormURLEncode (2.1)
  - OMGHTTPURLRQ/RQ (2.1):
    - OMGHTTPURLRQ/FormURLEncode
    - OMGHTTPURLRQ/UserAgent
  - OMGHTTPURLRQ/UserAgent (2.1)
  - PromiseKit/Swift (1.3.0):
    - OMGHTTPURLRQ

DEPENDENCIES:
  - PromiseKit/Swift

SPEC CHECKSUMS:
  OMGHTTPURLRQ: f8c515dfd2f57a5d74c710978f600231f52afec5
  PromiseKit: 4844db4448b4e387845e702b738cd87433fc02fd

COCOAPODS: 0.36.0.beta.2
